{
    "_meta": {
        "hash": {
            "sha256": "e8e287bd159d0cf2218be7ac79bca19378804eefe4497a03b32498847f1379e8"
        },
        "pipfile-spec": 6,
        "requires": {
            "python_version": "2.7"
        },
        "sources": [
            {
                "name": "pypi",
                "url": "https://pypi.org/simple",
                "verify_ssl": true
            }
        ]
    },
    "default": {
        "pathlib": {
            "hashes": [
                "sha256:6940718dfc3eff4258203ad5021090933e5c04707d5ca8cc9e73c94a7894ea9f"
            ],
            "index": "pypi",
            "version": "==1.0.1"
        },
        "publicsuffix": {
            "hashes": [
                "sha256:ae77593d269e1e5131723259cc1142c25690c20c59f2e98f67e227228028bda9"
            ],
            "index": "pypi",
            "version": "==1.1.0"
        }
    },
    "develop": {}
}
